
Microsoft Visual Studio Solution File, Format Version 10.00
# Visual Studio 2008
Project("{8BC9CEB8-8B4A-11D0-8D11-00A0C91BC942}") = "Frogger", "Frogger.vcproj", "{5AFD302E-C0D3-413E-AF9B-4FD8630FD268}"
EndProject
Global
	GlobalSection(SolutionConfigurationPlatforms) = preSolution
		Debug|Win32 = Debug|Win32
		Release|Win32 = Release|Win32
	EndGlobalSection
	GlobalSection(ProjectConfigurationPlatforms) = postSolution
		{5AFD302E-C0D3-413E-AF9B-4FD8630FD268}.Debug|Win32.ActiveCfg = Debug|Win32
		{5AFD302E-C0D3-413E-AF9B-4FD8630FD268}.Debug|Win32.Build.0 = Debug|Win32
		{5AFD302E-C0D3-413E-AF9B-4FD8630FD268}.Release|Win32.ActiveCfg = Release|Win32
		{5AFD302E-C0D3-413E-AF9B-4FD8630FD268}.Release|Win32.Build.0 = Release|Win32
	EndGlobalSection
	GlobalSection(SolutionProperties) = preSolution
		HideSolutionNode = FALSE
	EndGlobalSection
EndGlobal
